
Microsoft Visual Studio Solution File, Format Version 12.00
# Visual Studio Version 16
VisualStudioVersion = 16.0.30621.155
MinimumVisualStudioVersion = 10.0.40219.1
Project("{FAE04EC0-301F-11D3-BF4B-00C04F79EFBC}") = "MahakPay.Presentation", "MahakPay.Presentation\MahakPay.Presentation.csproj", "{C0D03FD4-D3E5-456C-9C86-A1BC9D61299B}"
EndProject
Project("{FAE04EC0-301F-11D3-BF4B-00C04F79EFBC}") = "MahakPay.Data", "MahakPay.Data\MahakPay.Data.csproj", "{BC2ABBCC-87BA-4B05-81DD-9E056469F511}"
EndProject
Project("{FAE04EC0-301F-11D3-BF4B-00C04F79EFBC}") = "MahakPay.Common", "MahakPay.Common\MahakPay.Common.csproj", "{0E36AC85-B630-4E23-A481-BF732E20F265}"
EndProject
Project("{FAE04EC0-301F-11D3-BF4B-00C04F79EFBC}") = "MahakPay.Repo", "MahakPay.Repo\MahakPay.Repo.csproj", "{2D87C6F7-A1E4-41BA-A8FB-65EFC315AB01}"
EndProject
Project("{FAE04EC0-301F-11D3-BF4B-00C04F79EFBC}") = "MahakPay.Services", "MahakPay.Services\MahakPay.Services.csproj", "{D39B59B2-1CD5-4DED-A259-4C45BB2B6548}"
EndProject
Global
	GlobalSection(SolutionConfigurationPlatforms) = preSolution
		Debug|Any CPU = Debug|Any CPU
		Release|Any CPU = Release|Any CPU
	EndGlobalSection
	GlobalSection(ProjectConfigurationPlatforms) = postSolution
		{C0D03FD4-D3E5-456C-9C86-A1BC9D61299B}.Debug|Any CPU.ActiveCfg = Debug|Any CPU
		{C0D03FD4-D3E5-456C-9C86-A1BC9D61299B}.Debug|Any CPU.Build.0 = Debug|Any CPU
		{C0D03FD4-D3E5-456C-9C86-A1BC9D61299B}.Release|Any CPU.ActiveCfg = Release|Any CPU
		{C0D03FD4-D3E5-456C-9C86-A1BC9D61299B}.Release|Any CPU.Build.0 = Release|Any CPU
		{BC2ABBCC-87BA-4B05-81DD-9E056469F511}.Debug|Any CPU.ActiveCfg = Debug|Any CPU
		{BC2ABBCC-87BA-4B05-81DD-9E056469F511}.Debug|Any CPU.Build.0 = Debug|Any CPU
		{BC2ABBCC-87BA-4B05-81DD-9E056469F511}.Release|Any CPU.ActiveCfg = Release|Any CPU
		{BC2ABBCC-87BA-4B05-81DD-9E056469F511}.Release|Any CPU.Build.0 = Release|Any CPU
		{0E36AC85-B630-4E23-A481-BF732E20F265}.Debug|Any CPU.ActiveCfg = Debug|Any CPU
		{0E36AC85-B630-4E23-A481-BF732E20F265}.Debug|Any CPU.Build.0 = Debug|Any CPU
		{0E36AC85-B630-4E23-A481-BF732E20F265}.Release|Any CPU.ActiveCfg = Release|Any CPU
		{0E36AC85-B630-4E23-A481-BF732E20F265}.Release|Any CPU.Build.0 = Release|Any CPU
		{2D87C6F7-A1E4-41BA-A8FB-65EFC315AB01}.Debug|Any CPU.ActiveCfg = Debug|Any CPU
		{2D87C6F7-A1E4-41BA-A8FB-65EFC315AB01}.Debug|Any CPU.Build.0 = Debug|Any CPU
		{2D87C6F7-A1E4-41BA-A8FB-65EFC315AB01}.Release|Any CPU.ActiveCfg = Release|Any CPU
		{2D87C6F7-A1E4-41BA-A8FB-65EFC315AB01}.Release|Any CPU.Build.0 = Release|Any CPU
		{D39B59B2-1CD5-4DED-A259-4C45BB2B6548}.Debug|Any CPU.ActiveCfg = Debug|Any CPU
		{D39B59B2-1CD5-4DED-A259-4C45BB2B6548}.Debug|Any CPU.Build.0 = Debug|Any CPU
		{D39B59B2-1CD5-4DED-A259-4C45BB2B6548}.Release|Any CPU.ActiveCfg = Release|Any CPU
		{D39B59B2-1CD5-4DED-A259-4C45BB2B6548}.Release|Any CPU.Build.0 = Release|Any CPU
	EndGlobalSection
	GlobalSection(SolutionProperties) = preSolution
		HideSolutionNode = FALSE
	EndGlobalSection
	GlobalSection(ExtensibilityGlobals) = postSolution
		SolutionGuid = {DE8045E7-1709-4AFB-AB23-329C69E03C53}
	EndGlobalSection
EndGlobal
